// !$*UTF8*$!
{
	archiveVersion = 1;
	classes = {
	};
	objectVersion = 50;
	objects = {

/* Begin PBXBuildFile section */
		17759ACE25FF85FA009CF1F8 /* AppDelegate.swift in Sources */ = {isa = PBXBuildFile; fileRef = 17759ACD25FF85FA009CF1F8 /* AppDelegate.swift */; };
		17759AD025FF85FA009CF1F8 /* SceneDelegate.swift in Sources */ = {isa = PBXBuildFile; fileRef = 17759ACF25FF85FA009CF1F8 /* SceneDelegate.swift */; };
		17759AD225FF85FA009CF1F8 /* ContentView.swift in Sources */ = {isa = PBXBuildFile; fileRef = 17759AD125FF85FA009CF1F8 /* ContentView.swift */; };
		17759AD425FF85FC009CF1F8 /* Assets.xcassets in Resources */ = {isa = PBXBuildFile; fileRef = 17759AD325FF85FC009CF1F8 /* Assets.xcassets */; };
		17759AD725FF85FC009CF1F8 /* Preview Assets.xcassets in Resources */ = {isa = PBXBuildFile; fileRef = 17759AD625FF85FC009CF1F8 /* Preview Assets.xcassets */; };
		17759ADA25FF85FC009CF1F8 /* LaunchScreen.storyboard in Resources */ = {isa = PBXBuildFile; fileRef = 17759AD825FF85FC009CF1F8 /* LaunchScreen.storyboard */; };
		17759AE325FF8E9B009CF1F8 /* ContentView2.swift in Sources */ = {isa = PBXBuildFile; fileRef = 17759AE225FF8E9B009CF1F8 /* ContentView2.swift */; };
		17759AE625FF8EC1009CF1F8 /* ContentView3.swift in Sources */ = {isa = PBXBuildFile; fileRef = 17759AE525FF8EC1009CF1F8 /* ContentView3.swift */; };
/* End PBXBuildFile section */

/* Begin PBXFileReference section */
		17759ACA25FF85FA009CF1F8 /* Timer.app */ = {isa = PBXFileReference; explicitFileType = wrapper.application; includeInIndex = 0; path = Timer.app; sourceTree = BUILT_PRODUCTS_DIR; };
		17759ACD25FF85FA009CF1F8 /* AppDelegate.swift */ = {isa = PBXFileReference; lastKnownFileType = sourcecode.swift; path = AppDelegate.swift; sourceTree = "<group>"; };
		17759ACF25FF85FA009CF1F8 /* SceneDelegate.swift */ = {isa = PBXFileReference; lastKnownFileType = sourcecode.swift; path = SceneDelegate.swift; sourceTree = "<group>"; };
		17759AD125FF85FA009CF1F8 /* ContentView.swift */ = {isa = PBXFileReference; lastKnownFileType = sourcecode.swift; path = ContentView.swift; sourceTree = "<group>"; };
		17759AD325FF85FC009CF1F8 /* Assets.xcassets */ = {isa = PBXFileReference; lastKnownFileType = folder.assetcatalog; path = Assets.xcassets; sourceTree = "<group>"; };
		17759AD625FF85FC009CF1F8 /* Preview Assets.xcassets */ = {isa = PBXFileReference; lastKnownFileType = folder.assetcatalog; path = "Preview Assets.xcassets"; sourceTree = "<group>"; };
		17759AD925FF85FC009CF1F8 /* Base */ = {isa = PBXFileReference; lastKnownFileType = file.storyboard; name = Base; path = Base.lproj/LaunchScreen.storyboard; sourceTree = "<group>"; };
		17759ADB25FF85FC009CF1F8 /* Info.plist */ = {isa = PBXFileReference; lastKnownFileType = text.plist.xml; path = Info.plist; sourceTree = "<group>"; };
		17759AE225FF8E9B009CF1F8 /* ContentView2.swift */ = {isa = PBXFileReference; lastKnownFileType = sourcecode.swift; path = ContentView2.swift; sourceTree = "<group>"; };
		17759AE525FF8EC1009CF1F8 /* ContentView3.swift */ = {isa = PBXFileReference; lastKnownFileType = sourcecode.swift; path = ContentView3.swift; sourceTree = "<group>"; };
/* End PBXFileReference section */

/* Begin PBXFrameworksBuildPhase section */
		17759AC725FF85FA009CF1F8 /* Frameworks */ = {
			isa = PBXFrameworksBuildPhase;
			buildActionMask = 2147483647;
			files = (
			);
			runOnlyForDeploymentPostprocessing = 0;
		};
/* End PBXFrameworksBuildPhase section */

/* Begin PBXGroup section */
		17759AC125FF85FA009CF1F8 = {
			isa = PBXGroup;
			children = (
				17759ACC25FF85FA009CF1F8 /* Timer */,
				17759ACB25FF85FA009CF1F8 /* Products */,
			);
			sourceTree = "<group>";
		};
		17759ACB25FF85FA009CF1F8 /* Products */ = {
			isa = PBXGroup;
			children = (
				17759ACA25FF85FA009CF1F8 /* Timer.app */,
			);
			name = Products;
			sourceTree = "<group>";
		};
		17759ACC25FF85FA009CF1F8 /* Timer */ = {
			isa = PBXGroup;
			children = (
				17759ACD25FF85FA009CF1F8 /* AppDelegate.swift */,
				17759ACF25FF85FA009CF1F8 /* SceneDelegate.swift */,
				17759AD125FF85FA009CF1F8 /* ContentView.swift */,
				17759AE225FF8E9B009CF1F8 /* ContentView2.swift */,
				17759AE525FF8EC1009CF1F8 /* ContentView3.swift */,
				17759AD325FF85FC009CF1F8 /* Assets.xcassets */,
				17759AD825FF85FC009CF1F8 /* LaunchScreen.storyboard */,
				17759ADB25FF85FC009CF1F8 /* Info.plist */,
				17759AD525FF85FC009CF1F8 /* Preview Content */,
			);
			path = Timer;
			sourceTree = "<group>";
		};
		17759AD525FF85FC009CF1F8 /* Preview Content */ = {
			isa = PBXGroup;
			children = (
				17759AD625FF85FC009CF1F8 /* Preview Assets.xcassets */,
			);
			path = "Preview Content";
			sourceTree = "<group>";
		};
/* End PBXGroup section */

/* Begin PBXNativeTarget section */
		17759AC925FF85FA009CF1F8 /* Timer */ = {
			isa = PBXNativeTarget;
			buildConfigurationList = 17759ADE25FF85FC009CF1F8 /* Build configuration list for PBXNativeTarget "Timer" */;
			buildPhases = (
				17759AC625FF85FA009CF1F8 /* Sources */,
				17759AC725FF85FA009CF1F8 /* Frameworks */,
				17759AC825FF85FA009CF1F8 /* Resources */,
			);
			buildRules = (
			);
			dependencies = (
			);
			name = Timer;
			productName = Timer;
			productReference = 17759ACA25FF85FA009CF1F8 /* Timer.app */;
			productType = "com.apple.product-type.application";
		};
/* End PBXNativeTarget section */

/* Begin PBXProject section */
		17759AC225FF85FA009CF1F8 /* Project object */ = {
			isa = PBXProject;
			attributes = {
				LastSwiftUpdateCheck = 1240;
				LastUpgradeCheck = 1240;
				TargetAttributes = {
					17759AC925FF85FA009CF1F8 = {
						CreatedOnToolsVersion = 12.4;
					};
				};
			};
			buildConfigurationList = 17759AC525FF85FA009CF1F8 /* Build configuration list for PBXProject "Timer" */;
			compatibilityVersion = "Xcode 9.3";
			developmentRegion = en;
			hasScannedForEncodings = 0;
			knownRegions = (
				en,
				Base,
			);
			mainGroup = 17759AC125FF85FA009CF1F8;
			productRefGroup = 17759ACB25FF85FA009CF1F8 /* Products */;
			projectDirPath = "";
			projectRoot = "";
			targets = (
				17759AC925FF85FA009CF1F8 /* Timer */,
			);
		};
/* End PBXProject section */

/* Begin PBXResourcesBuildPhase section */
		17759AC825FF85FA009CF1F8 /* Resources */ = {
			isa = PBXResourcesBuildPhase;
			buildActionMask = 2147483647;
			files = (
				17759ADA25FF85FC009CF1F8 /* LaunchScreen.storyboard in Resources */,
				17759AD725FF85FC009CF1F8 /* Preview Assets.xcassets in Resources */,
				17759AD425FF85FC009CF1F8 /* Assets.xcassets in Resources */,
			);
			runOnlyForDeploymentPostprocessing = 0;
		};
/* End PBXResourcesBuildPhase section */

/* Begin PBXSourcesBuildPhase section */
		17759AC625FF85FA009CF1F8 /* Sources */ = {
			isa = PBXSourcesBuildPhase;
			buildActionMask = 2147483647;
			files = (
				17759ACE25FF85FA009CF1F8 /* AppDelegate.swift in Sources */,
				17759AE325FF8E9B009CF1F8 /* ContentView2.swift in Sources */,
				17759AD025FF85FA009CF1F8 /* SceneDelegate.swift in Sources */,
				17759AE625FF8EC1009CF1F8 /* ContentView3.swift in Sources */,
				17759AD225FF85FA009CF1F8 /* ContentView.swift in Sources */,
			);
			runOnlyForDeploymentPostprocessing = 0;
		};
/* End PBXSourcesBuildPhase section */

/* Begin PBXVariantGroup section */
		17759AD825FF85FC009CF1F8 /* LaunchScreen.storyboard */ = {
			isa = PBXVariantGroup;
			children = (
				17759AD925FF85FC009CF1F8 /* Base */,
			);
			name = LaunchScreen.storyboard;
			sourceTree = "<group>";
		};
/* End PBXVariantGroup section */

/* Begin XCBuildConfiguration section */
		17759ADC25FF85FC009CF1F8 /* Debug */ = {
			isa = XCBuildConfiguration;
			buildSettings = {
				ALWAYS_SEARCH_USER_PATHS = NO;
				CLANG_ANALYZER_NONNULL = YES;
				CLANG_ANALYZER_NUMBER_OBJECT_CONVERSION = YES_AGGRESSIVE;
				CLANG_CXX_LANGUAGE_STANDARD = "gnu++14";
				CLANG_CXX_LIBRARY = "libc++";
				CLANG_ENABLE_MODULES = YES;
				CLANG_ENABLE_OBJC_ARC = YES;
				CLANG_ENABLE_OBJC_WEAK = YES;
				CLANG_WARN_BLOCK_CAPTURE_AUTORELEASING = YES;
				CLANG_WARN_BOOL_CONVERSION = YES;
				CLANG_WARN_COMMA = YES;
				CLANG_WARN_CONSTANT_CONVERSION = YES;
				CLANG_WARN_DEPRECATED_OBJC_IMPLEMENTATIONS = YES;
				CLANG_WARN_DIRECT_OBJC_ISA_USAGE = YES_ERROR;
				CLANG_WARN_DOCUMENTATION_COMMENTS = YES;
				CLANG_WARN_EMPTY_BODY = YES;
				CLANG_WARN_ENUM_CONVERSION = YES;
				CLANG_WARN_INFINITE_RECURSION = YES;
				CLANG_WARN_INT_CONVERSION = YES;
				CLANG_WARN_NON_LITERAL_NULL_CONVERSION = YES;
				CLANG_WARN_OBJC_IMPLICIT_RETAIN_SELF = YES;
				CLANG_WARN_OBJC_LITERAL_CONVERSION = YES;
				CLANG_WARN_OBJC_ROOT_CLASS = YES_ERROR;
				CLANG_WARN_QUOTED_INCLUDE_IN_FRAMEWORK_HEADER = YES;
				CLANG_WARN_RANGE_LOOP_ANALYSIS = YES;
				CLANG_WARN_STRICT_PROTOTYPES = YES;
				CLANG_WARN_SUSPICIOUS_MOVE = YES;
				CLANG_WARN_UNGUARDED_AVAILABILITY = YES_AGGRESSIVE;
				CLANG_WARN_UNREACHABLE_CODE = YES;
				CLANG_WARN__DUPLICATE_METHOD_MATCH = YES;
				COPY_PHASE_STRIP = NO;
				DEBUG_INFORMATION_FORMAT = dwarf;
				ENABLE_STRICT_OBJC_MSGSEND = YES;
				ENABLE_TESTABILITY = YES;
				GCC_C_LANGUAGE_STANDARD = gnu11;
				GCC_DYNAMIC_NO_PIC = NO;
				GCC_NO_COMMON_BLOCKS = YES;
				GCC_OPTIMIZATION_LEVEL = 0;
				GCC_PREPROCESSOR_DEFINITIONS = (
					"DEBUG=1",
					"$(inherited)",
				);
				GCC_WARN_64_TO_32_BIT_CONVERSION = YES;
				GCC_WARN_ABOUT_RETURN_TYPE = YES_ERROR;
				GCC_WARN_UNDECLARED_SELECTOR = YES;
				GCC_WARN_UNINITIALIZED_AUTOS = YES_AGGRESSIVE;
				GCC_WARN_UNUSED_FUNCTION = YES;
				GCC_WARN_UNUSED_VARIABLE = YES;
				IPHONEOS_DEPLOYMENT_TARGET = 14.4;
				MTL_ENABLE_DEBUG_INFO = INCLUDE_SOURCE;
				MTL_FAST_MATH = YES;
				ONLY_ACTIVE_ARCH = YES;
				SDKROOT = iphoneos;
				SWIFT_ACTIVE_COMPILATION_CONDITIONS = DEBUG;
				SWIFT_OPTIMIZATION_LEVEL = "-Onone";
			};
			name = Debug;
		};
		17759ADD25FF85FC009CF1F8 /* Release */ = {
			isa = XCBuildConfiguration;
			buildSettings = {
				ALWAYS_SEARCH_USER_PATHS = NO;
				CLANG_ANALYZER_NONNULL = YES;
				CLANG_ANALYZER_NUMBER_OBJECT_CONVERSION = YES_AGGRESSIVE;
				CLANG_CXX_LANGUAGE_STANDARD = "gnu++14";
				CLANG_CXX_LIBRARY = "libc++";
				CLANG_ENABLE_MODULES = YES;
				CLANG_ENABLE_OBJC_ARC = YES;
				CLANG_ENABLE_OBJC_WEAK = YES;
				CLANG_WARN_BLOCK_CAPTURE_AUTORELEASING = YES;
				CLANG_WARN_BOOL_CONVERSION = YES;
				CLANG_WARN_COMMA = YES;
				CLANG_WARN_CONSTANT_CONVERSION = YES;
				CLANG_WARN_DEPRECATED_OBJC_IMPLEMENTATIONS = YES;
				CLANG_WARN_DIRECT_OBJC_ISA_USAGE = YES_ERROR;
				CLANG_WARN_DOCUMENTATION_COMMENTS = YES;
				CLANG_WARN_EMPTY_BODY = YES;
				CLANG_WARN_ENUM_CONVERSION = YES;
				CLANG_WARN_INFINITE_RECURSION = YES;
				CLANG_WARN_INT_CONVERSION = YES;
				CLANG_WARN_NON_LITERAL_NULL_CONVERSION = YES;
				CLANG_WARN_OBJC_IMPLICIT_RETAIN_SELF = YES;
				CLANG_WARN_OBJC_LITERAL_CONVERSION = YES;
				CLANG_WARN_OBJC_ROOT_CLASS = YES_ERROR;
				CLANG_WARN_QUOTED_INCLUDE_IN_FRAMEWORK_HEADER = YES;
				CLANG_WARN_RANGE_LOOP_ANALYSIS = YES;
				CLANG_WARN_STRICT_PROTOTYPES = YES;
				CLANG_WARN_SUSPICIOUS_MOVE = YES;
				CLANG_WARN_UNGUARDED_AVAILABILITY = YES_AGGRESSIVE;
				CLANG_WARN_UNREACHABLE_CODE = YES;
				CLANG_WARN__DUPLICATE_METHOD_MATCH = YES;
				COPY_PHASE_STRIP = NO;
				DEBUG_INFORMATION_FORMAT = "dwarf-with-dsym";
				ENABLE_NS_ASSERTIONS = NO;
				ENABLE_STRICT_OBJC_MSGSEND = YES;
				GCC_C_LANGUAGE_STANDARD = gnu11;
				GCC_NO_COMMON_BLOCKS = YES;
				GCC_WARN_64_TO_32_BIT_CONVERSION = YES;
				GCC_WARN_ABOUT_RETURN_TYPE = YES_ERROR;
				GCC_WARN_UNDECLARED_SELECTOR = YES;
				GCC_WARN_UNINITIALIZED_AUTOS = YES_AGGRESSIVE;
				GCC_WARN_UNUSED_FUNCTION = YES;
				GCC_WARN_UNUSED_VARIABLE = YES;
				IPHONEOS_DEPLOYMENT_TARGET = 14.4;
				MTL_ENABLE_DEBUG_INFO = NO;
				MTL_FAST_MATH = YES;
				SDKROOT = iphoneos;
				SWIFT_COMPILATION_MODE = wholemodule;
				SWIFT_OPTIMIZATION_LEVEL = "-O";
				VALIDATE_PRODUCT = YES;
			};
			name = Release;
		};
		17759ADF25FF85FC009CF1F8 /* Debug */ = {
			isa = XCBuildConfiguration;
			buildSettings = {
				ASSETCATALOG_COMPILER_APPICON_NAME = AppIcon;
				ASSETCATALOG_COMPILER_GLOBAL_ACCENT_COLOR_NAME = AccentColor;
				CODE_SIGN_STYLE = Automatic;
				DEVELOPMENT_ASSET_PATHS = "\"Timer/Preview Content\"";
				DEVELOPMENT_TEAM = 2QC8C374PG;
				ENABLE_PREVIEWS = YES;
				INFOPLIST_FILE = Timer/Info.plist;
				LD_RUNPATH_SEARCH_PATHS = (
					"$(inherited)",
					"@executable_path/Frameworks",
				);
				PRODUCT_BUNDLE_IDENTIFIER = br.ufpe.cin.academy..Timer;
				PRODUCT_NAME = "$(TARGET_NAME)";
				SWIFT_VERSION = 5.0;
				TARGETED_DEVICE_FAMILY = "1,2";
			};
			name = Debug;
		};
		17759AE025FF85FC009CF1F8 /* Release */ = {
			isa = XCBuildConfiguration;
			buildSettings = {
				ASSETCATALOG_COMPILER_APPICON_NAME = AppIcon;
				ASSETCATALOG_COMPILER_GLOBAL_ACCENT_COLOR_NAME = AccentColor;
				CODE_SIGN_STYLE = Automatic;
				DEVELOPMENT_ASSET_PATHS = "\"Timer/Preview Content\"";
				DEVELOPMENT_TEAM = 2QC8C374PG;
				ENABLE_PREVIEWS = YES;
				INFOPLIST_FILE = Timer/Info.plist;
				LD_RUNPATH_SEARCH_PATHS = (
					"$(inherited)",
					"@executable_path/Frameworks",
				);
				PRODUCT_BUNDLE_IDENTIFIER = br.ufpe.cin.academy..Timer;
				PRODUCT_NAME = "$(TARGET_NAME)";
				SWIFT_VERSION = 5.0;
				TARGETED_DEVICE_FAMILY = "1,2";
			};
			name = Release;
		};
/* End XCBuildConfiguration section */

/* Begin XCConfigurationList section */
		17759AC525FF85FA009CF1F8 /* Build configuration list for PBXProject "Timer" */ = {
			isa = XCConfigurationList;
			buildConfigurations = (
				17759ADC25FF85FC009CF1F8 /* Debug */,
				17759ADD25FF85FC009CF1F8 /* Release */,
			);
			defaultConfigurationIsVisible = 0;
			defaultConfigurationName = Release;
		};
		17759ADE25FF85FC009CF1F8 /* Build configuration list for PBXNativeTarget "Timer" */ = {
			isa = XCConfigurationList;
			buildConfigurations = (
				17759ADF25FF85FC009CF1F8 /* Debug */,
				17759AE025FF85FC009CF1F8 /* Release */,
			);
			defaultConfigurationIsVisible = 0;
			defaultConfigurationName = Release;
		};
/* End XCConfigurationList section */
	};
	rootObject = 17759AC225FF85FA009CF1F8 /* Project object */;
}
